<?xml version="1.0" encoding="utf-8"?>
<Project ToolsVersion="4.0" xmlns="http://schemas.microsoft.com/developer/msbuild/2003">
  <ItemGroup>
    <Filter Include="source">
      <UniqueIdentifier>{493a9c14-6496-4e97-b60f-97fdf14350c1}</UniqueIdentifier>
    </Filter>
  </ItemGroup>
  <ItemGroup>
    <ClCompile Include="source\vk_globals.cpp">
      <Filter>source</Filter>
    </ClCompile>
    <ClCompile Include="source\vk_image.cpp">
      <Filter>source</Filter>
    </ClCompile>
    <ClCompile Include="source\vk_loader.cpp">
      <Filter>source</Filter>
    </ClCompile>
    <ClCompile Include="source\vk_memory.cpp">
      <Filter>source</Filter>
    </ClCompile>
    <ClCompile Include="source\vk_shader.cpp">
      <Filter>source</Filter>
    </ClCompile>
    <ClCompile Include="source\descriptors.cpp">
      <Filter>source</Filter>
    </ClCompile>
    <ClCompile Include="source\framebuffer.cpp">
      <Filter>source</Filter>
    </ClCompile>
    <ClCompile Include="source\gpu_synchronization.cpp">
      <Filter>source</Filter>
    </ClCompile>
    <ClCompile Include="source\vk_buffer.cpp">
      <Filter>source</Filter>
    </ClCompile>
    <ClCompile Include="source\vk_commands.cpp">
      <Filter>source</Filter>
    </ClCompile>
    <ClCompile Include="source\vk_debug.cpp">
      <Filter>source</Filter>
    </ClCompile>
    <ClCompile Include="source\vk_framework.cpp">
      <Filter>source</Filter>
    </ClCompile>
  </ItemGroup>
  <ItemGroup>
    <ClInclude Include="source\vk_functions.h">
      <Filter>source</Filter>
    </ClInclude>
    <ClInclude Include="includes\gpu_synchronization.h">
      <Filter>source</Filter>
    </ClInclude>
    <ClInclude Include="includes\vk_buffer.h">
      <Filter>source</Filter>
    </ClInclude>
    <ClInclude Include="includes\vk_commands.h">
      <Filter>source</Filter>
    </ClInclude>
    <ClInclude Include="includes\vk_debug.h">
      <Filter>source</Filter>
    </ClInclude>
    <ClInclude Include="includes\vk_framework.h">
      <Filter>source</Filter>
    </ClInclude>
    <ClInclude Include="includes\vk_globals.h">
      <Filter>source</Filter>
    </ClInclude>
    <ClInclude Include="includes\vk_image.h">
      <Filter>source</Filter>
    </ClInclude>
    <ClInclude Include="includes\vk_loader.h">
      <Filter>source</Filter>
    </ClInclude>
    <ClInclude Include="includes\vk_memory.h">
      <Filter>source</Filter>
    </ClInclude>
    <ClInclude Include="includes\vk_shader.h">
      <Filter>source</Filter>
    </ClInclude>
    <ClInclude Include="includes\descriptors.h">
      <Filter>source</Filter>
    </ClInclude>
    <ClInclude Include="includes\framebuffer.h">
      <Filter>source</Filter>
    </ClInclude>
  </ItemGroup>
  <ItemGroup>
    <None Include="source\vk_functions_def.inl">
      <Filter>source</Filter>
    </None>
  </ItemGroup>
</Project>