<?xml version="1.0" encoding="utf-8"?>
<Project ToolsVersion="4.0" xmlns="http://schemas.microsoft.com/developer/msbuild/2003">
  <ItemGroup>
    <Filter Include="sources">
      <UniqueIdentifier>{31832ccd-eab9-4899-ac38-da2fd58a1c74}</UniqueIdentifier>
    </Filter>
    <Filter Include="shaders">
      <UniqueIdentifier>{5be189bb-3fe3-48ba-a088-73674fc68012}</UniqueIdentifier>
    </Filter>
  </ItemGroup>
  <ItemGroup>
    <ClCompile Include="sources\main.cpp">
      <Filter>sources</Filter>
    </ClCompile>
    <ClCompile Include="sources\skybox.cpp">
      <Filter>sources</Filter>
    </ClCompile>
    <ClCompile Include="sources\camera_orbit.cpp">
      <Filter>sources</Filter>
    </ClCompile>
    <ClCompile Include="sources\text_compute_overlay.cpp">
      <Filter>sources</Filter>
    </ClCompile>
    <ClCompile Include="sources\geometry_renderpass.cpp">
      <Filter>sources</Filter>
    </ClCompile>
    <ClCompile Include="sources\shadow_renderpass.cpp">
      <Filter>sources</Filter>
    </ClCompile>
    <ClCompile Include="sources\text_overlay.cpp">
      <Filter>sources</Filter>
    </ClCompile>
    <ClCompile Include="sources\3d_pbr_renderer_imp.cpp">
      <Filter>sources</Filter>
    </ClCompile>
  </ItemGroup>
  <ItemGroup>
    <None Include="shaders\triangle.frag">
      <Filter>shaders</Filter>
    </None>
    <None Include="shaders\triangle.vert">
      <Filter>shaders</Filter>
    </None>
    <None Include="sources\stb_font_consolas_24_latin1.inl">
      <Filter>sources</Filter>
    </None>
    <None Include="shaders\shadows.vert">
      <Filter>shaders</Filter>
    </None>
    <None Include="shaders\skybox.frag">
      <Filter>shaders</Filter>
    </None>
    <None Include="shaders\skybox.vert">
      <Filter>shaders</Filter>
    </None>
    <None Include="shaders\text.frag">
      <Filter>shaders</Filter>
    </None>
    <None Include="shaders\text.vert">
      <Filter>shaders</Filter>
    </None>
    <None Include="shaders\textCompute.comp">
      <Filter>shaders</Filter>
    </None>
    <None Include="shaders\shadows.frag">
      <Filter>shaders</Filter>
    </None>
  </ItemGroup>
  <ItemGroup>
    <ClInclude Include="sources\skybox.h">
      <Filter>sources</Filter>
    </ClInclude>
    <ClInclude Include="sources\camera_orbit.h">
      <Filter>sources</Filter>
    </ClInclude>
    <ClInclude Include="sources\text_compute_overlay.h">
      <Filter>sources</Filter>
    </ClInclude>
    <ClInclude Include="sources\geometry_renderpass.h">
      <Filter>sources</Filter>
    </ClInclude>
    <ClInclude Include="sources\shadow_renderpass.h">
      <Filter>sources</Filter>
    </ClInclude>
    <ClInclude Include="sources\frame_graph_script.h">
      <Filter>sources</Filter>
    </ClInclude>
    <ClInclude Include="sources\Scene2DGame.h">
      <Filter>sources</Filter>
    </ClInclude>
    <ClInclude Include="sources\text_overlay.h">
      <Filter>sources</Filter>
    </ClInclude>
    <ClInclude Include="sources\3d_pbr_renderer_imp.h">
      <Filter>sources</Filter>
    </ClInclude>
  </ItemGroup>
</Project>